
Microsoft Visual Studio Solution File, Format Version 12.00
# Visual Studio Version 16
VisualStudioVersion = 16.0.29215.179
MinimumVisualStudioVersion = 10.0.40219.1
Project("{FAE04EC0-301F-11D3-BF4B-00C04F79EFBC}") = "Assignment3_MVC2", "Assignment3_MVC2.csproj", "{9851D457-6229-43C1-A324-70FD40B8CC92}"
EndProject
Global
	GlobalSection(SolutionConfigurationPlatforms) = preSolution
		Debug|Any CPU = Debug|Any CPU
		Release|Any CPU = Release|Any CPU
	EndGlobalSection
	GlobalSection(ProjectConfigurationPlatforms) = postSolution
		{9851D457-6229-43C1-A324-70FD40B8CC92}.Debug|Any CPU.ActiveCfg = Debug|Any CPU
		{9851D457-6229-43C1-A324-70FD40B8CC92}.Debug|Any CPU.Build.0 = Debug|Any CPU
		{9851D457-6229-43C1-A324-70FD40B8CC92}.Release|Any CPU.ActiveCfg = Release|Any CPU
		{9851D457-6229-43C1-A324-70FD40B8CC92}.Release|Any CPU.Build.0 = Release|Any CPU
	EndGlobalSection
	GlobalSection(SolutionProperties) = preSolution
		HideSolutionNode = FALSE
	EndGlobalSection
	GlobalSection(ExtensibilityGlobals) = postSolution
		SolutionGuid = {DB5EB2F3-4BF9-47C3-8BC8-3EF3BDB16D3F}
	EndGlobalSection
EndGlobal
